// !$*UTF8*$!
{
	archiveVersion = 1;
	classes = {
	};
	objectVersion = 77;
	objects = {

/* Begin PBXBuildFile section */
		CA0000000000000000000101 /* Cantino in Frameworks */ = {isa = PBXBuildFile; productRef = CA0000000000000000000301 /* Cantino */; };
		CA0000000000000000000102 /* MapLibre in Frameworks */ = {isa = PBXBuildFile; productRef = CA0000000000000000000302 /* MapLibre */; };
/* End PBXBuildFile section */

/* Begin PBXContainerItemProxy section */
		CA0000000000000000000401 /* PBXContainerItemProxy */ = {
			isa = PBXContainerItemProxy;
			containerPortal = CA0000000000000000000001 /* Project object */;
			proxyType = 1;
			remoteGlobalIDString = CA0000000000000000000501;
			remoteInfo = CafeApp;
		};
/* End PBXContainerItemProxy section */

/* Begin PBXFileReference section */
		CA0000000000000000000601 /* CafeApp.app */ = {isa = PBXFileReference; explicitFileType = wrapper.application; includeInIndex = 0; path = CafeApp.app; sourceTree = BUILT_PRODUCTS_DIR; };
		CA0000000000000000000602 /* CafeAppTests.xctest */ = {isa = PBXFileReference; explicitFileType = wrapper.cfbundle; includeInIndex = 0; path = CafeAppTests.xctest; sourceTree = BUILT_PRODUCTS_DIR; };
		CA0000000000000000000603 /* copy-basemap-assets.sh */ = {isa = PBXFileReference; lastKnownFileType = text.script.sh; path = "copy-basemap-assets.sh"; sourceTree = "<group>"; };
/* End PBXFileReference section */

/* Begin PBXFileSystemSynchronizedRootGroup section */
		CA0000000000000000000701 /* CafeApp */ = {
			isa = PBXFileSystemSynchronizedRootGroup;
			path = CafeApp;
			sourceTree = "<group>";
		};
		CA0000000000000000000702 /* CafeAppTests */ = {
			isa = PBXFileSystemSynchronizedRootGroup;
			path = CafeAppTests;
			sourceTree = "<group>";
		};
/* End PBXFileSystemSynchronizedRootGroup section */

/* Begin PBXFrameworksBuildPhase section */
		CA0000000000000000000801 /* Frameworks */ = {
			isa = PBXFrameworksBuildPhase;
			buildActionMask = 2147483647;
			files = (
				CA0000000000000000000101 /* Cantino in Frameworks */,
				CA0000000000000000000102 /* MapLibre in Frameworks */,
			);
			runOnlyForDeploymentPostprocessing = 0;
		};
		CA0000000000000000000802 /* Frameworks */ = {
			isa = PBXFrameworksBuildPhase;
			buildActionMask = 2147483647;
			files = (
			);
			runOnlyForDeploymentPostprocessing = 0;
		};
/* End PBXFrameworksBuildPhase section */

/* Begin PBXGroup section */
		CA0000000000000000000901 = {
			isa = PBXGroup;
			children = (
				CA0000000000000000000603 /* copy-basemap-assets.sh */,
				CA0000000000000000000701 /* CafeApp */,
				CA0000000000000000000702 /* CafeAppTests */,
				CA0000000000000000000902 /* Products */,
			);
			sourceTree = "<group>";
		};
		CA0000000000000000000902 /* Products */ = {
			isa = PBXGroup;
			children = (
				CA0000000000000000000601 /* CafeApp.app */,
				CA0000000000000000000602 /* CafeAppTests.xctest */,
			);
			name = Products;
			sourceTree = "<group>";
		};
/* End PBXGroup section */

/* Begin PBXNativeTarget section */
		CA0000000000000000000501 /* CafeApp */ = {
			isa = PBXNativeTarget;
			buildConfigurationList = CA0000000000000000001102 /* Build configuration list for PBXNativeTarget "CafeApp" */;
			buildPhases = (
				CA0000000000000000001001 /* Sources */,
				CA0000000000000000000801 /* Frameworks */,
				CA0000000000000000001003 /* Resources */,
				CA0000000000000000001004 /* Copy basemap style assets */,
			);
			buildRules = (
			);
			dependencies = (
			);
			fileSystemSynchronizedGroups = (
				CA0000000000000000000701 /* CafeApp */,
			);
			name = CafeApp;
			packageProductDependencies = (
				CA0000000000000000000301 /* Cantino */,
				CA0000000000000000000302 /* MapLibre */,
			);
			productName = CafeApp;
			productReference = CA0000000000000000000601 /* CafeApp.app */;
			productType = "com.apple.product-type.application";
		};
		CA0000000000000000000502 /* CafeAppTests */ = {
			isa = PBXNativeTarget;
			buildConfigurationList = CA0000000000000000001103 /* Build configuration list for PBXNativeTarget "CafeAppTests" */;
			buildPhases = (
				CA0000000000000000001002 /* Sources */,
				CA0000000000000000000802 /* Frameworks */,
			);
			buildRules = (
			);
			dependencies = (
				CA0000000000000000001201 /* PBXTargetDependency */,
			);
			fileSystemSynchronizedGroups = (
				CA0000000000000000000702 /* CafeAppTests */,
			);
			name = CafeAppTests;
			productName = CafeAppTests;
			productReference = CA0000000000000000000602 /* CafeAppTests.xctest */;
			productType = "com.apple.product-type.bundle.unit-test";
		};
/* End PBXNativeTarget section */

/* Begin PBXProject section */
		CA0000000000000000000001 /* Project object */ = {
			isa = PBXProject;
			attributes = {
				BuildIndependentTargetsInParallel = 1;
				LastSwiftUpdateCheck = 2700;
				LastUpgradeCheck = 2700;
				TargetAttributes = {
					CA0000000000000000000501 = {
						CreatedOnToolsVersion = 27.0;
					};
					CA0000000000000000000502 = {
						CreatedOnToolsVersion = 27.0;
						TestTargetID = CA0000000000000000000501;
					};
				};
			};
			buildConfigurationList = CA0000000000000000001101 /* Build configuration list for PBXProject "CafeApp" */;
			developmentRegion = en;
			hasScannedForEncodings = 0;
			knownRegions = (
				en,
				Base,
			);
			mainGroup = CA0000000000000000000901;
			minimizedProjectReferenceProxies = 1;
			packageReferences = (
				CA0000000000000000001301 /* XCLocalSwiftPackageReference "../../swift" */,
				CA0000000000000000001302 /* XCRemoteSwiftPackageReference "maplibre-gl-native-distribution" */,
			);
			preferredProjectObjectVersion = 77;
			productRefGroup = CA0000000000000000000902 /* Products */;
			projectDirPath = "";
			projectRoot = "";
			targets = (
				CA0000000000000000000501 /* CafeApp */,
				CA0000000000000000000502 /* CafeAppTests */,
			);
		};
/* End PBXProject section */

/* Begin PBXResourcesBuildPhase section */
		CA0000000000000000001003 /* Resources */ = {
			isa = PBXResourcesBuildPhase;
			buildActionMask = 2147483647;
			files = (
			);
			runOnlyForDeploymentPostprocessing = 0;
		};
/* End PBXResourcesBuildPhase section */

/* Begin PBXShellScriptBuildPhase section */
		CA0000000000000000001004 /* Copy basemap style assets */ = {
			isa = PBXShellScriptBuildPhase;
			alwaysOutOfDate = 1;
			buildActionMask = 2147483647;
			files = (
			);
			inputFileListPaths = (
			);
			inputPaths = (
			);
			name = "Copy basemap style assets";
			outputFileListPaths = (
			);
			outputPaths = (
			);
			runOnlyForDeploymentPostprocessing = 0;
			shellPath = /bin/sh;
			shellScript = "\"${SRCROOT}/copy-basemap-assets.sh\"\n";
		};
/* End PBXShellScriptBuildPhase section */

/* Begin PBXSourcesBuildPhase section */
		CA0000000000000000001001 /* Sources */ = {
			isa = PBXSourcesBuildPhase;
			buildActionMask = 2147483647;
			files = (
			);
			runOnlyForDeploymentPostprocessing = 0;
		};
		CA0000000000000000001002 /* Sources */ = {
			isa = PBXSourcesBuildPhase;
			buildActionMask = 2147483647;
			files = (
			);
			runOnlyForDeploymentPostprocessing = 0;
		};
/* End PBXSourcesBuildPhase section */

/* Begin PBXTargetDependency section */
		CA0000000000000000001201 /* PBXTargetDependency */ = {
			isa = PBXTargetDependency;
			target = CA0000000000000000000501 /* CafeApp */;
			targetProxy = CA0000000000000000000401 /* PBXContainerItemProxy */;
		};
/* End PBXTargetDependency section */

/* Begin XCBuildConfiguration section */
		CA0000000000000000001401 /* Debug */ = {
			isa = XCBuildConfiguration;
			buildSettings = {
				ALWAYS_SEARCH_USER_PATHS = NO;
				CLANG_ENABLE_MODULES = YES;
				CLANG_ENABLE_OBJC_ARC = YES;
				COPY_PHASE_STRIP = NO;
				DEBUG_INFORMATION_FORMAT = dwarf;
				ENABLE_STRICT_OBJC_MSGSEND = YES;
				ENABLE_TESTABILITY = YES;
				ENABLE_USER_SCRIPT_SANDBOXING = NO;
				GCC_OPTIMIZATION_LEVEL = 0;
				GCC_PREPROCESSOR_DEFINITIONS = (
					"DEBUG=1",
					"$(inherited)",
				);
				IPHONEOS_DEPLOYMENT_TARGET = 17.0;
				MTL_ENABLE_DEBUG_INFO = INCLUDE_SOURCE;
				ONLY_ACTIVE_ARCH = YES;
				SDKROOT = iphoneos;
				SWIFT_ACTIVE_COMPILATION_CONDITIONS = "DEBUG $(inherited)";
				SWIFT_OPTIMIZATION_LEVEL = "-Onone";
				SWIFT_VERSION = 6.0;
			};
			name = Debug;
		};
		CA0000000000000000001402 /* Release */ = {
			isa = XCBuildConfiguration;
			buildSettings = {
				ALWAYS_SEARCH_USER_PATHS = NO;
				CLANG_ENABLE_MODULES = YES;
				CLANG_ENABLE_OBJC_ARC = YES;
				COPY_PHASE_STRIP = NO;
				DEBUG_INFORMATION_FORMAT = "dwarf-with-dsym";
				ENABLE_NS_ASSERTIONS = NO;
				ENABLE_STRICT_OBJC_MSGSEND = YES;
				ENABLE_USER_SCRIPT_SANDBOXING = NO;
				IPHONEOS_DEPLOYMENT_TARGET = 17.0;
				MTL_ENABLE_DEBUG_INFO = NO;
				SDKROOT = iphoneos;
				SWIFT_COMPILATION_MODE = wholemodule;
				SWIFT_VERSION = 6.0;
				VALIDATE_PRODUCT = YES;
			};
			name = Release;
		};
		CA0000000000000000001403 /* Debug */ = {
			isa = XCBuildConfiguration;
			buildSettings = {
				CODE_SIGN_STYLE = Automatic;
				CURRENT_PROJECT_VERSION = 1;
				GENERATE_INFOPLIST_FILE = YES;
				INFOPLIST_KEY_CFBundleDisplayName = "Cafés";
				INFOPLIST_KEY_NSLocationWhenInUseUsageDescription = "Your location is used once, to choose the offline area to download around you, and to sort cafés by distance.";
				INFOPLIST_KEY_UIApplicationSceneManifest_Generation = YES;
				INFOPLIST_KEY_UILaunchScreen_Generation = YES;
				INFOPLIST_KEY_UISupportedInterfaceOrientations = "UIInterfaceOrientationPortrait UIInterfaceOrientationLandscapeLeft UIInterfaceOrientationLandscapeRight";
				LD_RUNPATH_SEARCH_PATHS = (
					"$(inherited)",
					"@executable_path/Frameworks",
				);
				MARKETING_VERSION = 0.1.0;
				PRODUCT_BUNDLE_IDENTIFIER = lol.osm.cantino.cafe;
				PRODUCT_NAME = "$(TARGET_NAME)";
				TARGETED_DEVICE_FAMILY = 1;
			};
			name = Debug;
		};
		CA0000000000000000001404 /* Release */ = {
			isa = XCBuildConfiguration;
			buildSettings = {
				CODE_SIGN_STYLE = Automatic;
				CURRENT_PROJECT_VERSION = 1;
				GENERATE_INFOPLIST_FILE = YES;
				INFOPLIST_KEY_CFBundleDisplayName = "Cafés";
				INFOPLIST_KEY_NSLocationWhenInUseUsageDescription = "Your location is used once, to choose the offline area to download around you, and to sort cafés by distance.";
				INFOPLIST_KEY_UIApplicationSceneManifest_Generation = YES;
				INFOPLIST_KEY_UILaunchScreen_Generation = YES;
				INFOPLIST_KEY_UISupportedInterfaceOrientations = "UIInterfaceOrientationPortrait UIInterfaceOrientationLandscapeLeft UIInterfaceOrientationLandscapeRight";
				LD_RUNPATH_SEARCH_PATHS = (
					"$(inherited)",
					"@executable_path/Frameworks",
				);
				MARKETING_VERSION = 0.1.0;
				PRODUCT_BUNDLE_IDENTIFIER = lol.osm.cantino.cafe;
				PRODUCT_NAME = "$(TARGET_NAME)";
				TARGETED_DEVICE_FAMILY = 1;
			};
			name = Release;
		};
		CA0000000000000000001405 /* Debug */ = {
			isa = XCBuildConfiguration;
			buildSettings = {
				BUNDLE_LOADER = "$(TEST_HOST)";
				CODE_SIGN_STYLE = Automatic;
				GENERATE_INFOPLIST_FILE = YES;
				PRODUCT_BUNDLE_IDENTIFIER = lol.osm.cantino.cafe.tests;
				PRODUCT_NAME = "$(TARGET_NAME)";
				TARGETED_DEVICE_FAMILY = 1;
				TEST_HOST = "$(BUILT_PRODUCTS_DIR)/CafeApp.app/CafeApp";
			};
			name = Debug;
		};
		CA0000000000000000001406 /* Release */ = {
			isa = XCBuildConfiguration;
			buildSettings = {
				BUNDLE_LOADER = "$(TEST_HOST)";
				CODE_SIGN_STYLE = Automatic;
				GENERATE_INFOPLIST_FILE = YES;
				PRODUCT_BUNDLE_IDENTIFIER = lol.osm.cantino.cafe.tests;
				PRODUCT_NAME = "$(TARGET_NAME)";
				TARGETED_DEVICE_FAMILY = 1;
				TEST_HOST = "$(BUILT_PRODUCTS_DIR)/CafeApp.app/CafeApp";
			};
			name = Release;
		};
/* End XCBuildConfiguration section */

/* Begin XCConfigurationList section */
		CA0000000000000000001101 /* Build configuration list for PBXProject "CafeApp" */ = {
			isa = XCConfigurationList;
			buildConfigurations = (
				CA0000000000000000001401 /* Debug */,
				CA0000000000000000001402 /* Release */,
			);
			defaultConfigurationIsVisible = 0;
			defaultConfigurationName = Release;
		};
		CA0000000000000000001102 /* Build configuration list for PBXNativeTarget "CafeApp" */ = {
			isa = XCConfigurationList;
			buildConfigurations = (
				CA0000000000000000001403 /* Debug */,
				CA0000000000000000001404 /* Release */,
			);
			defaultConfigurationIsVisible = 0;
			defaultConfigurationName = Release;
		};
		CA0000000000000000001103 /* Build configuration list for PBXNativeTarget "CafeAppTests" */ = {
			isa = XCConfigurationList;
			buildConfigurations = (
				CA0000000000000000001405 /* Debug */,
				CA0000000000000000001406 /* Release */,
			);
			defaultConfigurationIsVisible = 0;
			defaultConfigurationName = Release;
		};
/* End XCConfigurationList section */

/* Begin XCLocalSwiftPackageReference section */
		CA0000000000000000001301 /* XCLocalSwiftPackageReference "../../swift" */ = {
			isa = XCLocalSwiftPackageReference;
			relativePath = ../../swift;
		};
/* End XCLocalSwiftPackageReference section */

/* Begin XCRemoteSwiftPackageReference section */
		CA0000000000000000001302 /* XCRemoteSwiftPackageReference "maplibre-gl-native-distribution" */ = {
			isa = XCRemoteSwiftPackageReference;
			repositoryURL = "https://github.com/maplibre/maplibre-gl-native-distribution";
			requirement = {
				kind = exactVersion;
				version = 6.31.0;
			};
		};
/* End XCRemoteSwiftPackageReference section */

/* Begin XCSwiftPackageProductDependency section */
		CA0000000000000000000301 /* Cantino */ = {
			isa = XCSwiftPackageProductDependency;
			productName = Cantino;
		};
		CA0000000000000000000302 /* MapLibre */ = {
			isa = XCSwiftPackageProductDependency;
			package = CA0000000000000000001302 /* XCRemoteSwiftPackageReference "maplibre-gl-native-distribution" */;
			productName = MapLibre;
		};
/* End XCSwiftPackageProductDependency section */
	};
	rootObject = CA0000000000000000000001 /* Project object */;
}
